# This file is automatically @generated by Cargo.
# It is not intended for manual editing.
version = 3

[[package]]
name = "artnet_protocol"
version = "0.4.2"
source = "registry+https://github.com/rust-lang/crates.io-index"
checksum = "536b2b9cae7ceb995cb11db1d5ec39b1eb305c557e36da01ea32de0c723920be"
dependencies = [
 "bitflags",
 "byteorder",
]

[[package]]
name = "bitflags"
version = "2.5.0"
source = "registry+https://github.com/rust-lang/crates.io-index"
checksum = "cf4b9d6a944f767f8e5e0db018570623c85f3d925ac718db4e06d0187adb21c1"

[[package]]
name = "byteorder"
version = "1.5.0"
source = "registry+https://github.com/rust-lang/crates.io-index"
checksum = "1fd0f2584146f6f2ef48085050886acf353beff7305ebd1ae69500e27c67f64b"

[[package]]
name = "fps_clock"
version = "2.0.0"
source = "registry+https://github.com/rust-lang/crates.io-index"
checksum = "d62f07644333c61ff6ab8738366228ea076d6d7e0a6d974385153912a25f22f0"

[[package]]
name = "pulse_leds"
version = "0.1.0"
dependencies = [
 "artnet_protocol",
 "fps_clock",
]
